# This file is autogenerated, do not edit; changes may be undone by the next 'dep ensure'.


[[projects]]
  branch = "master"
  digest = "1:75985964b49dd9c2bee16c81ec28efd1ff79ba04b231f51cac8f0071b40bcf68"
  name = "github.com/TTK4145/driver-go"
  packages = ["elevio"]
  pruneopts = "UT"
  revision = "d63fde1778d16f5eb303fd06af55ca144cdc5fae"

[solve-meta]
  analyzer-name = "dep"
  analyzer-version = 1
  input-imports = ["github.com/TTK4145/driver-go/elevio"]
  solver-name = "gps-cdcl"
  solver-version = 1
